
Microsoft Visual Studio Solution File, Format Version 11.00
# Visual Studio 2010
Project("{FAE04EC0-301F-11D3-BF4B-00C04F79EFBC}") = "Assembly-CSharp", "Assembly-CSharp.csproj", "{f333a847-458e-f999-7bf7-93cb604b4d52}"
EndProject
Project("{FAE04EC0-301F-11D3-BF4B-00C04F79EFBC}") = "Assembly-CSharp-Editor", "Assembly-CSharp-Editor.csproj", "{9b4133b8-3467-4f85-87d1-abb1225a05f1}"
EndProject
Global
	GlobalSection(SolutionConfigurationPlatforms) = preSolution
		Debug|Any CPU = Debug|Any CPU
	EndGlobalSection
	GlobalSection(ProjectConfigurationPlatforms) = postSolution
		{f333a847-458e-f999-7bf7-93cb604b4d52}.Debug|Any CPU.ActiveCfg = Debug|Any CPU
		{f333a847-458e-f999-7bf7-93cb604b4d52}.Debug|Any CPU.Build.0 = Debug|Any CPU
		{9b4133b8-3467-4f85-87d1-abb1225a05f1}.Debug|Any CPU.ActiveCfg = Debug|Any CPU
		{9b4133b8-3467-4f85-87d1-abb1225a05f1}.Debug|Any CPU.Build.0 = Debug|Any CPU
	EndGlobalSection
	GlobalSection(SolutionProperties) = preSolution
		HideSolutionNode = FALSE
	EndGlobalSection
EndGlobal
